
Microsoft Visual Studio Solution File, Format Version 12.00
# Visual Studio Version 17
VisualStudioVersion = 17.6.33829.357
MinimumVisualStudioVersion = 10.0.40219.1
Project("{FAE04EC0-301F-11D3-BF4B-00C04F79EFBC}") = "OrganizationProfile", "OrganizationProfile\OrganizationProfile.csproj", "{A2978908-90B2-4591-A5D9-1503394CC0EB}"
EndProject
Global
	GlobalSection(SolutionConfigurationPlatforms) = preSolution
		Debug|Any CPU = Debug|Any CPU
		Release|Any CPU = Release|Any CPU
	EndGlobalSection
	GlobalSection(ProjectConfigurationPlatforms) = postSolution
		{A2978908-90B2-4591-A5D9-1503394CC0EB}.Debug|Any CPU.ActiveCfg = Debug|Any CPU
		{A2978908-90B2-4591-A5D9-1503394CC0EB}.Debug|Any CPU.Build.0 = Debug|Any CPU
		{A2978908-90B2-4591-A5D9-1503394CC0EB}.Release|Any CPU.ActiveCfg = Release|Any CPU
		{A2978908-90B2-4591-A5D9-1503394CC0EB}.Release|Any CPU.Build.0 = Release|Any CPU
	EndGlobalSection
	GlobalSection(SolutionProperties) = preSolution
		HideSolutionNode = FALSE
	EndGlobalSection
	GlobalSection(ExtensibilityGlobals) = postSolution
		SolutionGuid = {14818C56-EA07-466A-B5A8-328DB1365FAB}
	EndGlobalSection
EndGlobal
